
Microsoft Visual Studio Solution File, Format Version 12.00
# Visual Studio Version 17
VisualStudioVersion = 17.0.32112.339
MinimumVisualStudioVersion = 10.0.40219.1
Project("{9A19103F-16F7-4668-BE54-9A1E7A4F7556}") = "EmployeeRecordSystem.Server", "EmployeeRecordSystem\Server\EmployeeRecordSystem.Server.csproj", "{8A36EF80-CB89-43F1-940D-D45CE8DA94E3}"
EndProject
Project("{9A19103F-16F7-4668-BE54-9A1E7A4F7556}") = "EmployeeRecordSystem.Client", "EmployeeRecordSystem\Client\EmployeeRecordSystem.Client.csproj", "{A184FCB4-BD24-4031-A896-69669AFC8D10}"
EndProject
Project("{9A19103F-16F7-4668-BE54-9A1E7A4F7556}") = "EmployeeRecordSystem.Shared", "EmployeeRecordSystem\Shared\EmployeeRecordSystem.Shared.csproj", "{3F8BD5F3-E046-4CAC-B085-16154C993B65}"
EndProject
Project("{9A19103F-16F7-4668-BE54-9A1E7A4F7556}") = "EmployeeRecordSystem.Data", "EmployeeRecordSystem.Data\EmployeeRecordSystem.Data.csproj", "{5ABE9E5C-6572-42FC-BB59-6D4E41255DDE}"
EndProject
Project("{FAE04EC0-301F-11D3-BF4B-00C04F79EFBC}") = "EmployeeRecordSystem.Tests", "EmployeeRecordSystem.Tests\EmployeeRecordSystem.Tests.csproj", "{827DADBE-9502-4B2A-9B3D-F393A43DB58A}"
EndProject
Global
	GlobalSection(SolutionConfigurationPlatforms) = preSolution
		Debug|Any CPU = Debug|Any CPU
		Release|Any CPU = Release|Any CPU
	EndGlobalSection
	GlobalSection(ProjectConfigurationPlatforms) = postSolution
		{8A36EF80-CB89-43F1-940D-D45CE8DA94E3}.Debug|Any CPU.ActiveCfg = Debug|Any CPU
		{8A36EF80-CB89-43F1-940D-D45CE8DA94E3}.Debug|Any CPU.Build.0 = Debug|Any CPU
		{8A36EF80-CB89-43F1-940D-D45CE8DA94E3}.Release|Any CPU.ActiveCfg = Release|Any CPU
		{8A36EF80-CB89-43F1-940D-D45CE8DA94E3}.Release|Any CPU.Build.0 = Release|Any CPU
		{A184FCB4-BD24-4031-A896-69669AFC8D10}.Debug|Any CPU.ActiveCfg = Debug|Any CPU
		{A184FCB4-BD24-4031-A896-69669AFC8D10}.Debug|Any CPU.Build.0 = Debug|Any CPU
		{A184FCB4-BD24-4031-A896-69669AFC8D10}.Release|Any CPU.ActiveCfg = Release|Any CPU
		{A184FCB4-BD24-4031-A896-69669AFC8D10}.Release|Any CPU.Build.0 = Release|Any CPU
		{3F8BD5F3-E046-4CAC-B085-16154C993B65}.Debug|Any CPU.ActiveCfg = Debug|Any CPU
		{3F8BD5F3-E046-4CAC-B085-16154C993B65}.Debug|Any CPU.Build.0 = Debug|Any CPU
		{3F8BD5F3-E046-4CAC-B085-16154C993B65}.Release|Any CPU.ActiveCfg = Release|Any CPU
		{3F8BD5F3-E046-4CAC-B085-16154C993B65}.Release|Any CPU.Build.0 = Release|Any CPU
		{5ABE9E5C-6572-42FC-BB59-6D4E41255DDE}.Debug|Any CPU.ActiveCfg = Debug|Any CPU
		{5ABE9E5C-6572-42FC-BB59-6D4E41255DDE}.Debug|Any CPU.Build.0 = Debug|Any CPU
		{5ABE9E5C-6572-42FC-BB59-6D4E41255DDE}.Release|Any CPU.ActiveCfg = Release|Any CPU
		{5ABE9E5C-6572-42FC-BB59-6D4E41255DDE}.Release|Any CPU.Build.0 = Release|Any CPU
		{827DADBE-9502-4B2A-9B3D-F393A43DB58A}.Debug|Any CPU.ActiveCfg = Debug|Any CPU
		{827DADBE-9502-4B2A-9B3D-F393A43DB58A}.Debug|Any CPU.Build.0 = Debug|Any CPU
		{827DADBE-9502-4B2A-9B3D-F393A43DB58A}.Release|Any CPU.ActiveCfg = Release|Any CPU
		{827DADBE-9502-4B2A-9B3D-F393A43DB58A}.Release|Any CPU.Build.0 = Release|Any CPU
	EndGlobalSection
	GlobalSection(SolutionProperties) = preSolution
		HideSolutionNode = FALSE
	EndGlobalSection
	GlobalSection(ExtensibilityGlobals) = postSolution
		SolutionGuid = {34B4D324-CD9E-4A56-BF77-7444B9F5A865}
	EndGlobalSection
EndGlobal
